// !$*UTF8*$!
{
	archiveVersion = 1;
	classes = {
	};
	objectVersion = 56;
	objects = {

/* Begin PBXBuildFile section */
		EE0D6A9F2ADE5F3B00E85135 /* CustomTextField.swift in Sources */ = {isa = PBXBuildFile; fileRef = EE0D6A9E2ADE5F3B00E85135 /* CustomTextField.swift */; };
		EE1BC2E52AEE493400A8E238 /* Localizable.xcstrings in Resources */ = {isa = PBXBuildFile; fileRef = EE1BC2E42AEE493400A8E238 /* Localizable.xcstrings */; };
		EE1BC2F52AF1621500A8E238 /* NavigationShape.swift in Sources */ = {isa = PBXBuildFile; fileRef = EE1BC2F42AF1621500A8E238 /* NavigationShape.swift */; };
		EE3F49E32B03C7A80099357A /* AngheziView.swift in Sources */ = {isa = PBXBuildFile; fileRef = EE3F49E22B03C7A80099357A /* AngheziView.swift */; };
		EE5DDCDB2AD6B61E00D56537 /* BluSwiftUIApp.swift in Sources */ = {isa = PBXBuildFile; fileRef = EE5DDCDA2AD6B61E00D56537 /* BluSwiftUIApp.swift */; };
		EE5DDCDD2AD6B61E00D56537 /* ContentView.swift in Sources */ = {isa = PBXBuildFile; fileRef = EE5DDCDC2AD6B61E00D56537 /* ContentView.swift */; };
		EE5DDCDF2AD6B62000D56537 /* Assets.xcassets in Resources */ = {isa = PBXBuildFile; fileRef = EE5DDCDE2AD6B62000D56537 /* Assets.xcassets */; };
		EE5DDCE22AD6B62000D56537 /* Preview Assets.xcassets in Resources */ = {isa = PBXBuildFile; fileRef = EE5DDCE12AD6B62000D56537 /* Preview Assets.xcassets */; };
		EE86B5532B15D40B00E68E19 /* NavigationSessionView.swift in Sources */ = {isa = PBXBuildFile; fileRef = EE86B5522B15D40B00E68E19 /* NavigationSessionView.swift */; };
		EE9A4A172B0C9B3C00F0A016 /* StateObject-ObservedObject-EnvironmentObject Session.swift in Sources */ = {isa = PBXBuildFile; fileRef = EE9A4A162B0C9B3C00F0A016 /* StateObject-ObservedObject-EnvironmentObject Session.swift */; };
/* End PBXBuildFile section */

/* Begin PBXFileReference section */
		EE0D6A9E2ADE5F3B00E85135 /* CustomTextField.swift */ = {isa = PBXFileReference; lastKnownFileType = sourcecode.swift; path = CustomTextField.swift; sourceTree = "<group>"; };
		EE1BC2E42AEE493400A8E238 /* Localizable.xcstrings */ = {isa = PBXFileReference; lastKnownFileType = text.json.xcstrings; path = Localizable.xcstrings; sourceTree = "<group>"; };
		EE1BC2F42AF1621500A8E238 /* NavigationShape.swift */ = {isa = PBXFileReference; lastKnownFileType = sourcecode.swift; path = NavigationShape.swift; sourceTree = "<group>"; };
		EE3F49E22B03C7A80099357A /* AngheziView.swift */ = {isa = PBXFileReference; lastKnownFileType = sourcecode.swift; path = AngheziView.swift; sourceTree = "<group>"; };
		EE5DDCD72AD6B61E00D56537 /* BluSwiftUI.app */ = {isa = PBXFileReference; explicitFileType = wrapper.application; includeInIndex = 0; path = BluSwiftUI.app; sourceTree = BUILT_PRODUCTS_DIR; };
		EE5DDCDA2AD6B61E00D56537 /* BluSwiftUIApp.swift */ = {isa = PBXFileReference; lastKnownFileType = sourcecode.swift; path = BluSwiftUIApp.swift; sourceTree = "<group>"; };
		EE5DDCDC2AD6B61E00D56537 /* ContentView.swift */ = {isa = PBXFileReference; lastKnownFileType = sourcecode.swift; path = ContentView.swift; sourceTree = "<group>"; };
		EE5DDCDE2AD6B62000D56537 /* Assets.xcassets */ = {isa = PBXFileReference; lastKnownFileType = folder.assetcatalog; path = Assets.xcassets; sourceTree = "<group>"; };
		EE5DDCE12AD6B62000D56537 /* Preview Assets.xcassets */ = {isa = PBXFileReference; lastKnownFileType = folder.assetcatalog; path = "Preview Assets.xcassets"; sourceTree = "<group>"; };
		EE86B5522B15D40B00E68E19 /* NavigationSessionView.swift */ = {isa = PBXFileReference; lastKnownFileType = sourcecode.swift; path = NavigationSessionView.swift; sourceTree = "<group>"; };
		EE9A4A162B0C9B3C00F0A016 /* StateObject-ObservedObject-EnvironmentObject Session.swift */ = {isa = PBXFileReference; lastKnownFileType = sourcecode.swift; path = "StateObject-ObservedObject-EnvironmentObject Session.swift"; sourceTree = "<group>"; };
/* End PBXFileReference section */

/* Begin PBXFrameworksBuildPhase section */
		EE5DDCD42AD6B61E00D56537 /* Frameworks */ = {
			isa = PBXFrameworksBuildPhase;
			buildActionMask = 2147483647;
			files = (
			);
			runOnlyForDeploymentPostprocessing = 0;
		};
/* End PBXFrameworksBuildPhase section */

/* Begin PBXGroup section */
		EE5DDCCE2AD6B61E00D56537 = {
			isa = PBXGroup;
			children = (
				EE5DDCD92AD6B61E00D56537 /* BluSwiftUI */,
				EE5DDCD82AD6B61E00D56537 /* Products */,
			);
			sourceTree = "<group>";
		};
		EE5DDCD82AD6B61E00D56537 /* Products */ = {
			isa = PBXGroup;
			children = (
				EE5DDCD72AD6B61E00D56537 /* BluSwiftUI.app */,
			);
			name = Products;
			sourceTree = "<group>";
		};
		EE5DDCD92AD6B61E00D56537 /* BluSwiftUI */ = {
			isa = PBXGroup;
			children = (
				EE5DDCDA2AD6B61E00D56537 /* BluSwiftUIApp.swift */,
				EE5DDCDC2AD6B61E00D56537 /* ContentView.swift */,
				EE3F49E22B03C7A80099357A /* AngheziView.swift */,
				EE1BC2F42AF1621500A8E238 /* NavigationShape.swift */,
				EE0D6A9E2ADE5F3B00E85135 /* CustomTextField.swift */,
				EE9A4A162B0C9B3C00F0A016 /* StateObject-ObservedObject-EnvironmentObject Session.swift */,
				EE86B5522B15D40B00E68E19 /* NavigationSessionView.swift */,
				EE5DDCDE2AD6B62000D56537 /* Assets.xcassets */,
				EE5DDCE02AD6B62000D56537 /* Preview Content */,
				EE1BC2E42AEE493400A8E238 /* Localizable.xcstrings */,
			);
			path = BluSwiftUI;
			sourceTree = "<group>";
		};
		EE5DDCE02AD6B62000D56537 /* Preview Content */ = {
			isa = PBXGroup;
			children = (
				EE5DDCE12AD6B62000D56537 /* Preview Assets.xcassets */,
			);
			path = "Preview Content";
			sourceTree = "<group>";
		};
/* End PBXGroup section */

/* Begin PBXNativeTarget section */
		EE5DDCD62AD6B61E00D56537 /* BluSwiftUI */ = {
			isa = PBXNativeTarget;
			buildConfigurationList = EE5DDCE52AD6B62000D56537 /* Build configuration list for PBXNativeTarget "BluSwiftUI" */;
			buildPhases = (
				EE5DDCD32AD6B61E00D56537 /* Sources */,
				EE5DDCD42AD6B61E00D56537 /* Frameworks */,
				EE5DDCD52AD6B61E00D56537 /* Resources */,
			);
			buildRules = (
			);
			dependencies = (
			);
			name = BluSwiftUI;
			productName = BluSwiftUI;
			productReference = EE5DDCD72AD6B61E00D56537 /* BluSwiftUI.app */;
			productType = "com.apple.product-type.application";
		};
/* End PBXNativeTarget section */

/* Begin PBXProject section */
		EE5DDCCF2AD6B61E00D56537 /* Project object */ = {
			isa = PBXProject;
			attributes = {
				BuildIndependentTargetsInParallel = 1;
				LastSwiftUpdateCheck = 1500;
				LastUpgradeCheck = 1500;
				TargetAttributes = {
					EE5DDCD62AD6B61E00D56537 = {
						CreatedOnToolsVersion = 15.0;
					};
				};
			};
			buildConfigurationList = EE5DDCD22AD6B61E00D56537 /* Build configuration list for PBXProject "BluSwiftUI" */;
			compatibilityVersion = "Xcode 14.0";
			developmentRegion = en;
			hasScannedForEncodings = 0;
			knownRegions = (
				en,
				Base,
			);
			mainGroup = EE5DDCCE2AD6B61E00D56537;
			productRefGroup = EE5DDCD82AD6B61E00D56537 /* Products */;
			projectDirPath = "";
			projectRoot = "";
			targets = (
				EE5DDCD62AD6B61E00D56537 /* BluSwiftUI */,
			);
		};
/* End PBXProject section */

/* Begin PBXResourcesBuildPhase section */
		EE5DDCD52AD6B61E00D56537 /* Resources */ = {
			isa = PBXResourcesBuildPhase;
			buildActionMask = 2147483647;
			files = (
				EE5DDCE22AD6B62000D56537 /* Preview Assets.xcassets in Resources */,
				EE5DDCDF2AD6B62000D56537 /* Assets.xcassets in Resources */,
				EE1BC2E52AEE493400A8E238 /* Localizable.xcstrings in Resources */,
			);
			runOnlyForDeploymentPostprocessing = 0;
		};
/* End PBXResourcesBuildPhase section */

/* Begin PBXSourcesBuildPhase section */
		EE5DDCD32AD6B61E00D56537 /* Sources */ = {
			isa = PBXSourcesBuildPhase;
			buildActionMask = 2147483647;
			files = (
				EE9A4A172B0C9B3C00F0A016 /* StateObject-ObservedObject-EnvironmentObject Session.swift in Sources */,
				EE86B5532B15D40B00E68E19 /* NavigationSessionView.swift in Sources */,
				EE5DDCDD2AD6B61E00D56537 /* ContentView.swift in Sources */,
				EE3F49E32B03C7A80099357A /* AngheziView.swift in Sources */,
				EE1BC2F52AF1621500A8E238 /* NavigationShape.swift in Sources */,
				EE5DDCDB2AD6B61E00D56537 /* BluSwiftUIApp.swift in Sources */,
				EE0D6A9F2ADE5F3B00E85135 /* CustomTextField.swift in Sources */,
			);
			runOnlyForDeploymentPostprocessing = 0;
		};
/* End PBXSourcesBuildPhase section */

/* Begin XCBuildConfiguration section */
		EE5DDCE32AD6B62000D56537 /* Debug */ = {
			isa = XCBuildConfiguration;
			buildSettings = {
				ALWAYS_SEARCH_USER_PATHS = NO;
				ASSETCATALOG_COMPILER_GENERATE_SWIFT_ASSET_SYMBOL_EXTENSIONS = YES;
				CLANG_ANALYZER_NONNULL = YES;
				CLANG_ANALYZER_NUMBER_OBJECT_CONVERSION = YES_AGGRESSIVE;
				CLANG_CXX_LANGUAGE_STANDARD = "gnu++20";
				CLANG_ENABLE_MODULES = YES;
				CLANG_ENABLE_OBJC_ARC = YES;
				CLANG_ENABLE_OBJC_WEAK = YES;
				CLANG_WARN_BLOCK_CAPTURE_AUTORELEASING = YES;
				CLANG_WARN_BOOL_CONVERSION = YES;
				CLANG_WARN_COMMA = YES;
				CLANG_WARN_CONSTANT_CONVERSION = YES;
				CLANG_WARN_DEPRECATED_OBJC_IMPLEMENTATIONS = YES;
				CLANG_WARN_DIRECT_OBJC_ISA_USAGE = YES_ERROR;
				CLANG_WARN_DOCUMENTATION_COMMENTS = YES;
				CLANG_WARN_EMPTY_BODY = YES;
				CLANG_WARN_ENUM_CONVERSION = YES;
				CLANG_WARN_INFINITE_RECURSION = YES;
				CLANG_WARN_INT_CONVERSION = YES;
				CLANG_WARN_NON_LITERAL_NULL_CONVERSION = YES;
				CLANG_WARN_OBJC_IMPLICIT_RETAIN_SELF = YES;
				CLANG_WARN_OBJC_LITERAL_CONVERSION = YES;
				CLANG_WARN_OBJC_ROOT_CLASS = YES_ERROR;
				CLANG_WARN_QUOTED_INCLUDE_IN_FRAMEWORK_HEADER = YES;
				CLANG_WARN_RANGE_LOOP_ANALYSIS = YES;
				CLANG_WARN_STRICT_PROTOTYPES = YES;
				CLANG_WARN_SUSPICIOUS_MOVE = YES;
				CLANG_WARN_UNGUARDED_AVAILABILITY = YES_AGGRESSIVE;
				CLANG_WARN_UNREACHABLE_CODE = YES;
				CLANG_WARN__DUPLICATE_METHOD_MATCH = YES;
				COPY_PHASE_STRIP = NO;
				DEBUG_INFORMATION_FORMAT = dwarf;
				ENABLE_STRICT_OBJC_MSGSEND = YES;
				ENABLE_TESTABILITY = YES;
				ENABLE_USER_SCRIPT_SANDBOXING = YES;
				GCC_C_LANGUAGE_STANDARD = gnu17;
				GCC_DYNAMIC_NO_PIC = NO;
				GCC_NO_COMMON_BLOCKS = YES;
				GCC_OPTIMIZATION_LEVEL = 0;
				GCC_PREPROCESSOR_DEFINITIONS = (
					"DEBUG=1",
					"$(inherited)",
				);
				GCC_WARN_64_TO_32_BIT_CONVERSION = YES;
				GCC_WARN_ABOUT_RETURN_TYPE = YES_ERROR;
				GCC_WARN_UNDECLARED_SELECTOR = YES;
				GCC_WARN_UNINITIALIZED_AUTOS = YES_AGGRESSIVE;
				GCC_WARN_UNUSED_FUNCTION = YES;
				GCC_WARN_UNUSED_VARIABLE = YES;
				IPHONEOS_DEPLOYMENT_TARGET = 17.0;
				LOCALIZATION_PREFERS_STRING_CATALOGS = YES;
				MTL_ENABLE_DEBUG_INFO = INCLUDE_SOURCE;
				MTL_FAST_MATH = YES;
				ONLY_ACTIVE_ARCH = YES;
				SDKROOT = iphoneos;
				SWIFT_ACTIVE_COMPILATION_CONDITIONS = "DEBUG $(inherited)";
				SWIFT_OPTIMIZATION_LEVEL = "-Onone";
			};
			name = Debug;
		};
		EE5DDCE42AD6B62000D56537 /* Release */ = {
			isa = XCBuildConfiguration;
			buildSettings = {
				ALWAYS_SEARCH_USER_PATHS = NO;
				ASSETCATALOG_COMPILER_GENERATE_SWIFT_ASSET_SYMBOL_EXTENSIONS = YES;
				CLANG_ANALYZER_NONNULL = YES;
				CLANG_ANALYZER_NUMBER_OBJECT_CONVERSION = YES_AGGRESSIVE;
				CLANG_CXX_LANGUAGE_STANDARD = "gnu++20";
				CLANG_ENABLE_MODULES = YES;
				CLANG_ENABLE_OBJC_ARC = YES;
				CLANG_ENABLE_OBJC_WEAK = YES;
				CLANG_WARN_BLOCK_CAPTURE_AUTORELEASING = YES;
				CLANG_WARN_BOOL_CONVERSION = YES;
				CLANG_WARN_COMMA = YES;
				CLANG_WARN_CONSTANT_CONVERSION = YES;
				CLANG_WARN_DEPRECATED_OBJC_IMPLEMENTATIONS = YES;
				CLANG_WARN_DIRECT_OBJC_ISA_USAGE = YES_ERROR;
				CLANG_WARN_DOCUMENTATION_COMMENTS = YES;
				CLANG_WARN_EMPTY_BODY = YES;
				CLANG_WARN_ENUM_CONVERSION = YES;
				CLANG_WARN_INFINITE_RECURSION = YES;
				CLANG_WARN_INT_CONVERSION = YES;
				CLANG_WARN_NON_LITERAL_NULL_CONVERSION = YES;
				CLANG_WARN_OBJC_IMPLICIT_RETAIN_SELF = YES;
				CLANG_WARN_OBJC_LITERAL_CONVERSION = YES;
				CLANG_WARN_OBJC_ROOT_CLASS = YES_ERROR;
				CLANG_WARN_QUOTED_INCLUDE_IN_FRAMEWORK_HEADER = YES;
				CLANG_WARN_RANGE_LOOP_ANALYSIS = YES;
				CLANG_WARN_STRICT_PROTOTYPES = YES;
				CLANG_WARN_SUSPICIOUS_MOVE = YES;
				CLANG_WARN_UNGUARDED_AVAILABILITY = YES_AGGRESSIVE;
				CLANG_WARN_UNREACHABLE_CODE = YES;
				CLANG_WARN__DUPLICATE_METHOD_MATCH = YES;
				COPY_PHASE_STRIP = NO;
				DEBUG_INFORMATION_FORMAT = "dwarf-with-dsym";
				ENABLE_NS_ASSERTIONS = NO;
				ENABLE_STRICT_OBJC_MSGSEND = YES;
				ENABLE_USER_SCRIPT_SANDBOXING = YES;
				GCC_C_LANGUAGE_STANDARD = gnu17;
				GCC_NO_COMMON_BLOCKS = YES;
				GCC_WARN_64_TO_32_BIT_CONVERSION = YES;
				GCC_WARN_ABOUT_RETURN_TYPE = YES_ERROR;
				GCC_WARN_UNDECLARED_SELECTOR = YES;
				GCC_WARN_UNINITIALIZED_AUTOS = YES_AGGRESSIVE;
				GCC_WARN_UNUSED_FUNCTION = YES;
				GCC_WARN_UNUSED_VARIABLE = YES;
				IPHONEOS_DEPLOYMENT_TARGET = 17.0;
				LOCALIZATION_PREFERS_STRING_CATALOGS = YES;
				MTL_ENABLE_DEBUG_INFO = NO;
				MTL_FAST_MATH = YES;
				SDKROOT = iphoneos;
				SWIFT_COMPILATION_MODE = wholemodule;
				VALIDATE_PRODUCT = YES;
			};
			name = Release;
		};
		EE5DDCE62AD6B62000D56537 /* Debug */ = {
			isa = XCBuildConfiguration;
			buildSettings = {
				ASSETCATALOG_COMPILER_APPICON_NAME = AppIcon;
				ASSETCATALOG_COMPILER_GLOBAL_ACCENT_COLOR_NAME = AccentColor;
				CODE_SIGN_STYLE = Automatic;
				CURRENT_PROJECT_VERSION = 1;
				DEVELOPMENT_ASSET_PATHS = "\"BluSwiftUI/Preview Content\"";
				DEVELOPMENT_TEAM = 33DVPZ7L7T;
				ENABLE_PREVIEWS = YES;
				GENERATE_INFOPLIST_FILE = YES;
				INFOPLIST_KEY_UIApplicationSceneManifest_Generation = YES;
				INFOPLIST_KEY_UIApplicationSupportsIndirectInputEvents = YES;
				INFOPLIST_KEY_UILaunchScreen_Generation = YES;
				INFOPLIST_KEY_UISupportedInterfaceOrientations_iPad = "UIInterfaceOrientationPortrait UIInterfaceOrientationPortraitUpsideDown UIInterfaceOrientationLandscapeLeft UIInterfaceOrientationLandscapeRight";
				INFOPLIST_KEY_UISupportedInterfaceOrientations_iPhone = "UIInterfaceOrientationPortrait UIInterfaceOrientationLandscapeLeft UIInterfaceOrientationLandscapeRight";
				LD_RUNPATH_SEARCH_PATHS = (
					"$(inherited)",
					"@executable_path/Frameworks",
				);
				MARKETING_VERSION = 1.0;
				PRODUCT_BUNDLE_IDENTIFIER = com.mralirezaa.BluSwiftUI;
				PRODUCT_NAME = "$(TARGET_NAME)";
				SWIFT_EMIT_LOC_STRINGS = YES;
				SWIFT_VERSION = 5.0;
				TARGETED_DEVICE_FAMILY = "1,2";
			};
			name = Debug;
		};
		EE5DDCE72AD6B62000D56537 /* Release */ = {
			isa = XCBuildConfiguration;
			buildSettings = {
				ASSETCATALOG_COMPILER_APPICON_NAME = AppIcon;
				ASSETCATALOG_COMPILER_GLOBAL_ACCENT_COLOR_NAME = AccentColor;
				CODE_SIGN_STYLE = Automatic;
				CURRENT_PROJECT_VERSION = 1;
				DEVELOPMENT_ASSET_PATHS = "\"BluSwiftUI/Preview Content\"";
				DEVELOPMENT_TEAM = 33DVPZ7L7T;
				ENABLE_PREVIEWS = YES;
				GENERATE_INFOPLIST_FILE = YES;
				INFOPLIST_KEY_UIApplicationSceneManifest_Generation = YES;
				INFOPLIST_KEY_UIApplicationSupportsIndirectInputEvents = YES;
				INFOPLIST_KEY_UILaunchScreen_Generation = YES;
				INFOPLIST_KEY_UISupportedInterfaceOrientations_iPad = "UIInterfaceOrientationPortrait UIInterfaceOrientationPortraitUpsideDown UIInterfaceOrientationLandscapeLeft UIInterfaceOrientationLandscapeRight";
				INFOPLIST_KEY_UISupportedInterfaceOrientations_iPhone = "UIInterfaceOrientationPortrait UIInterfaceOrientationLandscapeLeft UIInterfaceOrientationLandscapeRight";
				LD_RUNPATH_SEARCH_PATHS = (
					"$(inherited)",
					"@executable_path/Frameworks",
				);
				MARKETING_VERSION = 1.0;
				PRODUCT_BUNDLE_IDENTIFIER = com.mralirezaa.BluSwiftUI;
				PRODUCT_NAME = "$(TARGET_NAME)";
				SWIFT_EMIT_LOC_STRINGS = YES;
				SWIFT_VERSION = 5.0;
				TARGETED_DEVICE_FAMILY = "1,2";
			};
			name = Release;
		};
/* End XCBuildConfiguration section */

/* Begin XCConfigurationList section */
		EE5DDCD22AD6B61E00D56537 /* Build configuration list for PBXProject "BluSwiftUI" */ = {
			isa = XCConfigurationList;
			buildConfigurations = (
				EE5DDCE32AD6B62000D56537 /* Debug */,
				EE5DDCE42AD6B62000D56537 /* Release */,
			);
			defaultConfigurationIsVisible = 0;
			defaultConfigurationName = Release;
		};
		EE5DDCE52AD6B62000D56537 /* Build configuration list for PBXNativeTarget "BluSwiftUI" */ = {
			isa = XCConfigurationList;
			buildConfigurations = (
				EE5DDCE62AD6B62000D56537 /* Debug */,
				EE5DDCE72AD6B62000D56537 /* Release */,
			);
			defaultConfigurationIsVisible = 0;
			defaultConfigurationName = Release;
		};
/* End XCConfigurationList section */
	};
	rootObject = EE5DDCCF2AD6B61E00D56537 /* Project object */;
}
